
Microsoft Visual Studio Solution File, Format Version 12.00
# Visual Studio Version 17
VisualStudioVersion = 17.2.32505.173
MinimumVisualStudioVersion = 10.0.40219.1
Project("{FAE04EC0-301F-11D3-BF4B-00C04F79EFBC}") = "WhatTheMaze", "WhatTheMaze.csproj", "{070220D5-736C-4D57-9486-EA7A041CE193}"
EndProject
Global
	GlobalSection(SolutionConfigurationPlatforms) = preSolution
		Debug|Any CPU = Debug|Any CPU
		Release|Any CPU = Release|Any CPU
	EndGlobalSection
	GlobalSection(ProjectConfigurationPlatforms) = postSolution
		{070220D5-736C-4D57-9486-EA7A041CE193}.Debug|Any CPU.ActiveCfg = Debug|Any CPU
		{070220D5-736C-4D57-9486-EA7A041CE193}.Debug|Any CPU.Build.0 = Debug|Any CPU
		{070220D5-736C-4D57-9486-EA7A041CE193}.Release|Any CPU.ActiveCfg = Release|Any CPU
		{070220D5-736C-4D57-9486-EA7A041CE193}.Release|Any CPU.Build.0 = Release|Any CPU
	EndGlobalSection
	GlobalSection(SolutionProperties) = preSolution
		HideSolutionNode = FALSE
	EndGlobalSection
	GlobalSection(ExtensibilityGlobals) = postSolution
		SolutionGuid = {D2DBBCD4-9DFB-4B3B-9AD6-568D4DF0475A}
	EndGlobalSection
EndGlobal
